
Microsoft Visual Studio Solution File, Format Version 12.00
# Visual Studio Version 16
VisualStudioVersion = 16.0.29911.84
MinimumVisualStudioVersion = 10.0.40219.1
Project("{FAE04EC0-301F-11D3-BF4B-00C04F79EFBC}") = "CSharpCarClient", "CSharpCarClient\CSharpCarClient.csproj", "{FC7E43AF-0575-4043-8C10-A4EC9B9CD464}"
EndProject
Global
	GlobalSection(SolutionConfigurationPlatforms) = preSolution
		Debug|Any CPU = Debug|Any CPU
		Release|Any CPU = Release|Any CPU
	EndGlobalSection
	GlobalSection(ProjectConfigurationPlatforms) = postSolution
		{FC7E43AF-0575-4043-8C10-A4EC9B9CD464}.Debug|Any CPU.ActiveCfg = Debug|Any CPU
		{FC7E43AF-0575-4043-8C10-A4EC9B9CD464}.Debug|Any CPU.Build.0 = Debug|Any CPU
		{FC7E43AF-0575-4043-8C10-A4EC9B9CD464}.Release|Any CPU.ActiveCfg = Release|Any CPU
		{FC7E43AF-0575-4043-8C10-A4EC9B9CD464}.Release|Any CPU.Build.0 = Release|Any CPU
	EndGlobalSection
	GlobalSection(SolutionProperties) = preSolution
		HideSolutionNode = FALSE
	EndGlobalSection
	GlobalSection(ExtensibilityGlobals) = postSolution
		SolutionGuid = {B0E940A9-1940-4BDF-A0EF-3644F1BB7350}
	EndGlobalSection
EndGlobal
